
Microsoft Visual Studio Solution File, Format Version 12.00
# Visual Studio Version 17
VisualStudioVersion = 17.9.34728.123
MinimumVisualStudioVersion = 10.0.40219.1
Project("{FAE04EC0-301F-11D3-BF4B-00C04F79EFBC}") = "ToolVehicle system My 3rd Assignment", "ToolVehicle system My 3rd Assignment\ToolVehicle system My 3rd Assignment.csproj", "{91644481-7E42-4BD5-88E8-62D96686453C}"
EndProject
Global
	GlobalSection(SolutionConfigurationPlatforms) = preSolution
		Debug|Any CPU = Debug|Any CPU
		Release|Any CPU = Release|Any CPU
	EndGlobalSection
	GlobalSection(ProjectConfigurationPlatforms) = postSolution
		{91644481-7E42-4BD5-88E8-62D96686453C}.Debug|Any CPU.ActiveCfg = Debug|Any CPU
		{91644481-7E42-4BD5-88E8-62D96686453C}.Debug|Any CPU.Build.0 = Debug|Any CPU
		{91644481-7E42-4BD5-88E8-62D96686453C}.Release|Any CPU.ActiveCfg = Release|Any CPU
		{91644481-7E42-4BD5-88E8-62D96686453C}.Release|Any CPU.Build.0 = Release|Any CPU
	EndGlobalSection
	GlobalSection(SolutionProperties) = preSolution
		HideSolutionNode = FALSE
	EndGlobalSection
	GlobalSection(ExtensibilityGlobals) = postSolution
		SolutionGuid = {E78170BB-7765-471C-A064-AF917960001B}
	EndGlobalSection
EndGlobal
